
Microsoft Visual Studio Solution File, Format Version 12.00
# Visual Studio Version 17
VisualStudioVersion = 17.6.33829.357
MinimumVisualStudioVersion = 10.0.40219.1
Project("{FAE04EC0-301F-11D3-BF4B-00C04F79EFBC}") = "Pong", "Pong\Pong.csproj", "{4DCDB4E8-51A2-479B-BD18-EBA3E6081450}"
EndProject
Global
	GlobalSection(SolutionConfigurationPlatforms) = preSolution
		Debug|Any CPU = Debug|Any CPU
		Release|Any CPU = Release|Any CPU
	EndGlobalSection
	GlobalSection(ProjectConfigurationPlatforms) = postSolution
		{4DCDB4E8-51A2-479B-BD18-EBA3E6081450}.Debug|Any CPU.ActiveCfg = Debug|Any CPU
		{4DCDB4E8-51A2-479B-BD18-EBA3E6081450}.Debug|Any CPU.Build.0 = Debug|Any CPU
		{4DCDB4E8-51A2-479B-BD18-EBA3E6081450}.Release|Any CPU.ActiveCfg = Release|Any CPU
		{4DCDB4E8-51A2-479B-BD18-EBA3E6081450}.Release|Any CPU.Build.0 = Release|Any CPU
	EndGlobalSection
	GlobalSection(SolutionProperties) = preSolution
		HideSolutionNode = FALSE
	EndGlobalSection
	GlobalSection(ExtensibilityGlobals) = postSolution
		SolutionGuid = {82D43C69-BBEC-4052-97CC-71FD9C5EAA65}
	EndGlobalSection
EndGlobal
